
Microsoft Visual Studio Solution File, Format Version 12.00
# Visual Studio Version 16
VisualStudioVersion = 16.0.29019.234
MinimumVisualStudioVersion = 10.0.40219.1
Project("{2150E333-8FDC-42A3-9474-1A3956D46DE8}") = "src", "src", "{19FAB78C-3351-4911-8F0C-8C6056401740}"
EndProject
Project("{2150E333-8FDC-42A3-9474-1A3956D46DE8}") = "Tools", "Tools", "{B62728C8-1267-4043-B46F-5537BBAEC692}"
EndProject
Project("{9A19103F-16F7-4668-BE54-9A1E7A4F7556}") = "dotnet-monitor", "src\Tools\dotnet-monitor\dotnet-monitor.csproj", "{C57F7656-6663-4A3C-BE38-B75C6C57E77D}"
EndProject
Project("{9A19103F-16F7-4668-BE54-9A1E7A4F7556}") = "Microsoft.Diagnostics.Monitoring.RestServer", "src\Microsoft.Diagnostics.Monitoring.RestServer\Microsoft.Diagnostics.Monitoring.RestServer.csproj", "{B54DE8DD-6591-45C2-B9F7-22C4A23A384C}"
EndProject
Project("{2150E333-8FDC-42A3-9474-1A3956D46DE8}") = "Common", "Common", "{B24CD8F2-D809-4DB8-89A1-D45FA9218020}"
	ProjectSection(SolutionItems) = preProject
		src\Tools\Common\CommandExtensions.cs = src\Tools\Common\CommandExtensions.cs
	EndProjectSection
EndProject
Project("{2150E333-8FDC-42A3-9474-1A3956D46DE8}") = "Tests", "Tests", "{C7568468-1C79-4944-8136-18812A7F9EA7}"
	ProjectSection(SolutionItems) = preProject
		src\Tests\test.runsettings = src\Tests\test.runsettings
	EndProjectSection
EndProject
Project("{9A19103F-16F7-4668-BE54-9A1E7A4F7556}") = "Microsoft.Diagnostics.Monitoring.TestCommon", "src\Tests\Microsoft.Diagnostics.Monitoring.TestCommon\Microsoft.Diagnostics.Monitoring.TestCommon.csproj", "{863AA12D-0918-49CE-9E76-45A22680268B}"
EndProject
Project("{9A19103F-16F7-4668-BE54-9A1E7A4F7556}") = "Microsoft.Diagnostics.Monitoring.OpenApiGen", "src\Tests\Microsoft.Diagnostics.Monitoring.OpenApiGen\Microsoft.Diagnostics.Monitoring.OpenApiGen.csproj", "{5AB5A4B4-3A13-4D42-B42C-B9193E60F426}"
EndProject
Project("{9A19103F-16F7-4668-BE54-9A1E7A4F7556}") = "Microsoft.Diagnostics.Monitoring.OpenApiGen.UnitTests", "src\Tests\Microsoft.Diagnostics.Monitoring.OpenApiGen.UnitTests\Microsoft.Diagnostics.Monitoring.OpenApiGen.UnitTests.csproj", "{FCEC25E0-9EE1-416E-A7C4-2898E5640157}"
EndProject
Project("{9A19103F-16F7-4668-BE54-9A1E7A4F7556}") = "Microsoft.Diagnostics.Monitoring.UnitTests", "src\Tests\Microsoft.Diagnostics.Monitoring.UnitTests\Microsoft.Diagnostics.Monitoring.UnitTests.csproj", "{04427BC9-8F54-4633-9BBB-6661715BD271}"
EndProject
Project("{9A19103F-16F7-4668-BE54-9A1E7A4F7556}") = "Microsoft.Diagnostics.Monitoring.UnitTestApp", "src\Tests\Microsoft.Diagnostics.Monitoring.UnitTestApp\Microsoft.Diagnostics.Monitoring.UnitTestApp.csproj", "{DC672D2F-3A21-40BD-B495-660850EBC5F7}"
EndProject
Project("{9A19103F-16F7-4668-BE54-9A1E7A4F7556}") = "Microsoft.Diagnostics.Monitoring.ConfigurationSchema.UnitTests", "src\Tests\Microsoft.Diagnostics.Monitoring.ConfigurationSchema.UnitTests\Microsoft.Diagnostics.Monitoring.ConfigurationSchema.UnitTests.csproj", "{886D1FD5-125F-435B-934C-30DF2938E7F6}"
EndProject
Global
	GlobalSection(SolutionConfigurationPlatforms) = preSolution
		Debug|Any CPU = Debug|Any CPU
		Release|Any CPU = Release|Any CPU
	EndGlobalSection
	GlobalSection(ProjectConfigurationPlatforms) = postSolution
		{C57F7656-6663-4A3C-BE38-B75C6C57E77D}.Debug|Any CPU.ActiveCfg = Debug|Any CPU
		{C57F7656-6663-4A3C-BE38-B75C6C57E77D}.Debug|Any CPU.Build.0 = Debug|Any CPU
		{C57F7656-6663-4A3C-BE38-B75C6C57E77D}.Release|Any CPU.ActiveCfg = Release|Any CPU
		{C57F7656-6663-4A3C-BE38-B75C6C57E77D}.Release|Any CPU.Build.0 = Release|Any CPU
		{B54DE8DD-6591-45C2-B9F7-22C4A23A384C}.Debug|Any CPU.ActiveCfg = Debug|Any CPU
		{B54DE8DD-6591-45C2-B9F7-22C4A23A384C}.Debug|Any CPU.Build.0 = Debug|Any CPU
		{B54DE8DD-6591-45C2-B9F7-22C4A23A384C}.Release|Any CPU.ActiveCfg = Release|Any CPU
		{B54DE8DD-6591-45C2-B9F7-22C4A23A384C}.Release|Any CPU.Build.0 = Release|Any CPU
		{863AA12D-0918-49CE-9E76-45A22680268B}.Debug|Any CPU.ActiveCfg = Debug|Any CPU
		{863AA12D-0918-49CE-9E76-45A22680268B}.Debug|Any CPU.Build.0 = Debug|Any CPU
		{863AA12D-0918-49CE-9E76-45A22680268B}.Release|Any CPU.ActiveCfg = Release|Any CPU
		{863AA12D-0918-49CE-9E76-45A22680268B}.Release|Any CPU.Build.0 = Release|Any CPU
		{5AB5A4B4-3A13-4D42-B42C-B9193E60F426}.Debug|Any CPU.ActiveCfg = Debug|Any CPU
		{5AB5A4B4-3A13-4D42-B42C-B9193E60F426}.Debug|Any CPU.Build.0 = Debug|Any CPU
		{5AB5A4B4-3A13-4D42-B42C-B9193E60F426}.Release|Any CPU.ActiveCfg = Release|Any CPU
		{5AB5A4B4-3A13-4D42-B42C-B9193E60F426}.Release|Any CPU.Build.0 = Release|Any CPU
		{FCEC25E0-9EE1-416E-A7C4-2898E5640157}.Debug|Any CPU.ActiveCfg = Debug|Any CPU
		{FCEC25E0-9EE1-416E-A7C4-2898E5640157}.Debug|Any CPU.Build.0 = Debug|Any CPU
		{FCEC25E0-9EE1-416E-A7C4-2898E5640157}.Release|Any CPU.ActiveCfg = Release|Any CPU
		{FCEC25E0-9EE1-416E-A7C4-2898E5640157}.Release|Any CPU.Build.0 = Release|Any CPU
		{04427BC9-8F54-4633-9BBB-6661715BD271}.Debug|Any CPU.ActiveCfg = Debug|Any CPU
		{04427BC9-8F54-4633-9BBB-6661715BD271}.Debug|Any CPU.Build.0 = Debug|Any CPU
		{04427BC9-8F54-4633-9BBB-6661715BD271}.Release|Any CPU.ActiveCfg = Release|Any CPU
		{04427BC9-8F54-4633-9BBB-6661715BD271}.Release|Any CPU.Build.0 = Release|Any CPU
		{DC672D2F-3A21-40BD-B495-660850EBC5F7}.Debug|Any CPU.ActiveCfg = Debug|Any CPU
		{DC672D2F-3A21-40BD-B495-660850EBC5F7}.Debug|Any CPU.Build.0 = Debug|Any CPU
		{DC672D2F-3A21-40BD-B495-660850EBC5F7}.Release|Any CPU.ActiveCfg = Release|Any CPU
		{DC672D2F-3A21-40BD-B495-660850EBC5F7}.Release|Any CPU.Build.0 = Release|Any CPU
		{886D1FD5-125F-435B-934C-30DF2938E7F6}.Debug|Any CPU.ActiveCfg = Debug|Any CPU
		{886D1FD5-125F-435B-934C-30DF2938E7F6}.Debug|Any CPU.Build.0 = Debug|Any CPU
		{886D1FD5-125F-435B-934C-30DF2938E7F6}.Release|Any CPU.ActiveCfg = Release|Any CPU
		{886D1FD5-125F-435B-934C-30DF2938E7F6}.Release|Any CPU.Build.0 = Release|Any CPU
	EndGlobalSection
	GlobalSection(SolutionProperties) = preSolution
		HideSolutionNode = FALSE
	EndGlobalSection
	GlobalSection(NestedProjects) = preSolution
		{B62728C8-1267-4043-B46F-5537BBAEC692} = {19FAB78C-3351-4911-8F0C-8C6056401740}
		{C57F7656-6663-4A3C-BE38-B75C6C57E77D} = {B62728C8-1267-4043-B46F-5537BBAEC692}
		{B54DE8DD-6591-45C2-B9F7-22C4A23A384C} = {19FAB78C-3351-4911-8F0C-8C6056401740}
		{B24CD8F2-D809-4DB8-89A1-D45FA9218020} = {19FAB78C-3351-4911-8F0C-8C6056401740}
		{C7568468-1C79-4944-8136-18812A7F9EA7} = {19FAB78C-3351-4911-8F0C-8C6056401740}
		{863AA12D-0918-49CE-9E76-45A22680268B} = {C7568468-1C79-4944-8136-18812A7F9EA7}
		{5AB5A4B4-3A13-4D42-B42C-B9193E60F426} = {C7568468-1C79-4944-8136-18812A7F9EA7}
		{FCEC25E0-9EE1-416E-A7C4-2898E5640157} = {C7568468-1C79-4944-8136-18812A7F9EA7}
		{04427BC9-8F54-4633-9BBB-6661715BD271} = {C7568468-1C79-4944-8136-18812A7F9EA7}
		{DC672D2F-3A21-40BD-B495-660850EBC5F7} = {C7568468-1C79-4944-8136-18812A7F9EA7}
		{886D1FD5-125F-435B-934C-30DF2938E7F6} = {C7568468-1C79-4944-8136-18812A7F9EA7}
	EndGlobalSection
	GlobalSection(ExtensibilityGlobals) = postSolution
		SolutionGuid = {46465737-C938-44FC-BE1A-4CE139EBB5E0}
	EndGlobalSection
EndGlobal
