
Microsoft Visual Studio Solution File, Format Version 12.00
# Visual Studio Version 16
VisualStudioVersion = 16.0.29019.234
MinimumVisualStudioVersion = 10.0.40219.1
Project("{2150E333-8FDC-42A3-9474-1A3956D46DE8}") = "src", "src", "{19FAB78C-3351-4911-8F0C-8C6056401740}"
EndProject
Project("{2150E333-8FDC-42A3-9474-1A3956D46DE8}") = "Tools", "Tools", "{B62728C8-1267-4043-B46F-5537BBAEC692}"
EndProject
Project("{9A19103F-16F7-4668-BE54-9A1E7A4F7556}") = "dotnet-monitor", "src\Tools\dotnet-monitor\dotnet-monitor.csproj", "{C57F7656-6663-4A3C-BE38-B75C6C57E77D}"
EndProject
Project("{9A19103F-16F7-4668-BE54-9A1E7A4F7556}") = "Microsoft.Diagnostics.Monitoring.RestServer", "src\Microsoft.Diagnostics.Monitoring.RestServer\Microsoft.Diagnostics.Monitoring.RestServer.csproj", "{B54DE8DD-6591-45C2-B9F7-22C4A23A384C}"
EndProject
Project("{2150E333-8FDC-42A3-9474-1A3956D46DE8}") = "Common", "Common", "{B24CD8F2-D809-4DB8-89A1-D45FA9218020}"
	ProjectSection(SolutionItems) = preProject
		src\Tools\Common\CommandExtensions.cs = src\Tools\Common\CommandExtensions.cs
	EndProjectSection
EndProject
Project("{2150E333-8FDC-42A3-9474-1A3956D46DE8}") = "Tests", "Tests", "{C7568468-1C79-4944-8136-18812A7F9EA7}"
	ProjectSection(SolutionItems) = preProject
		src\Tests\test.runsettings = src\Tests\test.runsettings
	EndProjectSection
EndProject
Project("{9A19103F-16F7-4668-BE54-9A1E7A4F7556}") = "Microsoft.Diagnostics.Monitoring.TestCommon", "src\Tests\Microsoft.Diagnostics.Monitoring.TestCommon\Microsoft.Diagnostics.Monitoring.TestCommon.csproj", "{863AA12D-0918-49CE-9E76-45A22680268B}"
EndProject
Project("{9A19103F-16F7-4668-BE54-9A1E7A4F7556}") = "Microsoft.Diagnostics.Monitoring.OpenApiGen", "src\Tests\Microsoft.Diagnostics.Monitoring.OpenApiGen\Microsoft.Diagnostics.Monitoring.OpenApiGen.csproj", "{5AB5A4B4-3A13-4D42-B42C-B9193E60F426}"
EndProject
Project("{9A19103F-16F7-4668-BE54-9A1E7A4F7556}") = "Microsoft.Diagnostics.Monitoring.OpenApiGen.UnitTests", "src\Tests\Microsoft.Diagnostics.Monitoring.OpenApiGen.UnitTests\Microsoft.Diagnostics.Monitoring.OpenApiGen.UnitTests.csproj", "{FCEC25E0-9EE1-416E-A7C4-2898E5640157}"
EndProject
Project("{9A19103F-16F7-4668-BE54-9A1E7A4F7556}") = "Microsoft.Diagnostics.Monitoring.UnitTests", "src\Tests\Microsoft.Diagnostics.Monitoring.UnitTests\Microsoft.Diagnostics.Monitoring.UnitTests.csproj", "{04427BC9-8F54-4633-9BBB-6661715BD271}"
EndProject
Global
	GlobalSection(SolutionConfigurationPlatforms) = preSolution
		Checked|Any CPU = Checked|Any CPU
		Checked|ARM = Checked|ARM
		Checked|ARM64 = Checked|ARM64
		Checked|x64 = Checked|x64
		Checked|x86 = Checked|x86
		Debug|Any CPU = Debug|Any CPU
		Debug|ARM = Debug|ARM
		Debug|ARM64 = Debug|ARM64
		Debug|x64 = Debug|x64
		Debug|x86 = Debug|x86
		Release|Any CPU = Release|Any CPU
		Release|ARM = Release|ARM
		Release|ARM64 = Release|ARM64
		Release|x64 = Release|x64
		Release|x86 = Release|x86
		RelWithDebInfo|Any CPU = RelWithDebInfo|Any CPU
		RelWithDebInfo|ARM = RelWithDebInfo|ARM
		RelWithDebInfo|ARM64 = RelWithDebInfo|ARM64
		RelWithDebInfo|x64 = RelWithDebInfo|x64
		RelWithDebInfo|x86 = RelWithDebInfo|x86
	EndGlobalSection
	GlobalSection(ProjectConfigurationPlatforms) = postSolution
		{C57F7656-6663-4A3C-BE38-B75C6C57E77D}.Checked|Any CPU.ActiveCfg = Debug|Any CPU
		{C57F7656-6663-4A3C-BE38-B75C6C57E77D}.Checked|Any CPU.Build.0 = Debug|Any CPU
		{C57F7656-6663-4A3C-BE38-B75C6C57E77D}.Checked|ARM.ActiveCfg = Debug|Any CPU
		{C57F7656-6663-4A3C-BE38-B75C6C57E77D}.Checked|ARM.Build.0 = Debug|Any CPU
		{C57F7656-6663-4A3C-BE38-B75C6C57E77D}.Checked|ARM64.ActiveCfg = Debug|Any CPU
		{C57F7656-6663-4A3C-BE38-B75C6C57E77D}.Checked|ARM64.Build.0 = Debug|Any CPU
		{C57F7656-6663-4A3C-BE38-B75C6C57E77D}.Checked|x64.ActiveCfg = Debug|Any CPU
		{C57F7656-6663-4A3C-BE38-B75C6C57E77D}.Checked|x64.Build.0 = Debug|Any CPU
		{C57F7656-6663-4A3C-BE38-B75C6C57E77D}.Checked|x86.ActiveCfg = Debug|Any CPU
		{C57F7656-6663-4A3C-BE38-B75C6C57E77D}.Checked|x86.Build.0 = Debug|Any CPU
		{C57F7656-6663-4A3C-BE38-B75C6C57E77D}.Debug|Any CPU.ActiveCfg = Debug|Any CPU
		{C57F7656-6663-4A3C-BE38-B75C6C57E77D}.Debug|Any CPU.Build.0 = Debug|Any CPU
		{C57F7656-6663-4A3C-BE38-B75C6C57E77D}.Debug|ARM.ActiveCfg = Debug|Any CPU
		{C57F7656-6663-4A3C-BE38-B75C6C57E77D}.Debug|ARM.Build.0 = Debug|Any CPU
		{C57F7656-6663-4A3C-BE38-B75C6C57E77D}.Debug|ARM64.ActiveCfg = Debug|Any CPU
		{C57F7656-6663-4A3C-BE38-B75C6C57E77D}.Debug|ARM64.Build.0 = Debug|Any CPU
		{C57F7656-6663-4A3C-BE38-B75C6C57E77D}.Debug|x64.ActiveCfg = Debug|Any CPU
		{C57F7656-6663-4A3C-BE38-B75C6C57E77D}.Debug|x64.Build.0 = Debug|Any CPU
		{C57F7656-6663-4A3C-BE38-B75C6C57E77D}.Debug|x86.ActiveCfg = Debug|Any CPU
		{C57F7656-6663-4A3C-BE38-B75C6C57E77D}.Debug|x86.Build.0 = Debug|Any CPU
		{C57F7656-6663-4A3C-BE38-B75C6C57E77D}.Release|Any CPU.ActiveCfg = Release|Any CPU
		{C57F7656-6663-4A3C-BE38-B75C6C57E77D}.Release|Any CPU.Build.0 = Release|Any CPU
		{C57F7656-6663-4A3C-BE38-B75C6C57E77D}.Release|ARM.ActiveCfg = Release|Any CPU
		{C57F7656-6663-4A3C-BE38-B75C6C57E77D}.Release|ARM.Build.0 = Release|Any CPU
		{C57F7656-6663-4A3C-BE38-B75C6C57E77D}.Release|ARM64.ActiveCfg = Release|Any CPU
		{C57F7656-6663-4A3C-BE38-B75C6C57E77D}.Release|ARM64.Build.0 = Release|Any CPU
		{C57F7656-6663-4A3C-BE38-B75C6C57E77D}.Release|x64.ActiveCfg = Release|Any CPU
		{C57F7656-6663-4A3C-BE38-B75C6C57E77D}.Release|x64.Build.0 = Release|Any CPU
		{C57F7656-6663-4A3C-BE38-B75C6C57E77D}.Release|x86.ActiveCfg = Release|Any CPU
		{C57F7656-6663-4A3C-BE38-B75C6C57E77D}.Release|x86.Build.0 = Release|Any CPU
		{C57F7656-6663-4A3C-BE38-B75C6C57E77D}.RelWithDebInfo|Any CPU.ActiveCfg = Release|Any CPU
		{C57F7656-6663-4A3C-BE38-B75C6C57E77D}.RelWithDebInfo|Any CPU.Build.0 = Release|Any CPU
		{C57F7656-6663-4A3C-BE38-B75C6C57E77D}.RelWithDebInfo|ARM.ActiveCfg = Release|Any CPU
		{C57F7656-6663-4A3C-BE38-B75C6C57E77D}.RelWithDebInfo|ARM.Build.0 = Release|Any CPU
		{C57F7656-6663-4A3C-BE38-B75C6C57E77D}.RelWithDebInfo|ARM64.ActiveCfg = Release|Any CPU
		{C57F7656-6663-4A3C-BE38-B75C6C57E77D}.RelWithDebInfo|ARM64.Build.0 = Release|Any CPU
		{C57F7656-6663-4A3C-BE38-B75C6C57E77D}.RelWithDebInfo|x64.ActiveCfg = Release|Any CPU
		{C57F7656-6663-4A3C-BE38-B75C6C57E77D}.RelWithDebInfo|x64.Build.0 = Release|Any CPU
		{C57F7656-6663-4A3C-BE38-B75C6C57E77D}.RelWithDebInfo|x86.ActiveCfg = Release|Any CPU
		{C57F7656-6663-4A3C-BE38-B75C6C57E77D}.RelWithDebInfo|x86.Build.0 = Release|Any CPU
		{B54DE8DD-6591-45C2-B9F7-22C4A23A384C}.Checked|Any CPU.ActiveCfg = Debug|Any CPU
		{B54DE8DD-6591-45C2-B9F7-22C4A23A384C}.Checked|Any CPU.Build.0 = Debug|Any CPU
		{B54DE8DD-6591-45C2-B9F7-22C4A23A384C}.Checked|ARM.ActiveCfg = Debug|Any CPU
		{B54DE8DD-6591-45C2-B9F7-22C4A23A384C}.Checked|ARM.Build.0 = Debug|Any CPU
		{B54DE8DD-6591-45C2-B9F7-22C4A23A384C}.Checked|ARM64.ActiveCfg = Debug|Any CPU
		{B54DE8DD-6591-45C2-B9F7-22C4A23A384C}.Checked|ARM64.Build.0 = Debug|Any CPU
		{B54DE8DD-6591-45C2-B9F7-22C4A23A384C}.Checked|x64.ActiveCfg = Debug|Any CPU
		{B54DE8DD-6591-45C2-B9F7-22C4A23A384C}.Checked|x64.Build.0 = Debug|Any CPU
		{B54DE8DD-6591-45C2-B9F7-22C4A23A384C}.Checked|x86.ActiveCfg = Debug|Any CPU
		{B54DE8DD-6591-45C2-B9F7-22C4A23A384C}.Checked|x86.Build.0 = Debug|Any CPU
		{B54DE8DD-6591-45C2-B9F7-22C4A23A384C}.Debug|Any CPU.ActiveCfg = Debug|Any CPU
		{B54DE8DD-6591-45C2-B9F7-22C4A23A384C}.Debug|Any CPU.Build.0 = Debug|Any CPU
		{B54DE8DD-6591-45C2-B9F7-22C4A23A384C}.Debug|ARM.ActiveCfg = Debug|Any CPU
		{B54DE8DD-6591-45C2-B9F7-22C4A23A384C}.Debug|ARM.Build.0 = Debug|Any CPU
		{B54DE8DD-6591-45C2-B9F7-22C4A23A384C}.Debug|ARM64.ActiveCfg = Debug|Any CPU
		{B54DE8DD-6591-45C2-B9F7-22C4A23A384C}.Debug|ARM64.Build.0 = Debug|Any CPU
		{B54DE8DD-6591-45C2-B9F7-22C4A23A384C}.Debug|x64.ActiveCfg = Debug|Any CPU
		{B54DE8DD-6591-45C2-B9F7-22C4A23A384C}.Debug|x64.Build.0 = Debug|Any CPU
		{B54DE8DD-6591-45C2-B9F7-22C4A23A384C}.Debug|x86.ActiveCfg = Debug|Any CPU
		{B54DE8DD-6591-45C2-B9F7-22C4A23A384C}.Debug|x86.Build.0 = Debug|Any CPU
		{B54DE8DD-6591-45C2-B9F7-22C4A23A384C}.Release|Any CPU.ActiveCfg = Release|Any CPU
		{B54DE8DD-6591-45C2-B9F7-22C4A23A384C}.Release|Any CPU.Build.0 = Release|Any CPU
		{B54DE8DD-6591-45C2-B9F7-22C4A23A384C}.Release|ARM.ActiveCfg = Release|Any CPU
		{B54DE8DD-6591-45C2-B9F7-22C4A23A384C}.Release|ARM.Build.0 = Release|Any CPU
		{B54DE8DD-6591-45C2-B9F7-22C4A23A384C}.Release|ARM64.ActiveCfg = Release|Any CPU
		{B54DE8DD-6591-45C2-B9F7-22C4A23A384C}.Release|ARM64.Build.0 = Release|Any CPU
		{B54DE8DD-6591-45C2-B9F7-22C4A23A384C}.Release|x64.ActiveCfg = Release|Any CPU
		{B54DE8DD-6591-45C2-B9F7-22C4A23A384C}.Release|x64.Build.0 = Release|Any CPU
		{B54DE8DD-6591-45C2-B9F7-22C4A23A384C}.Release|x86.ActiveCfg = Release|Any CPU
		{B54DE8DD-6591-45C2-B9F7-22C4A23A384C}.Release|x86.Build.0 = Release|Any CPU
		{B54DE8DD-6591-45C2-B9F7-22C4A23A384C}.RelWithDebInfo|Any CPU.ActiveCfg = Release|Any CPU
		{B54DE8DD-6591-45C2-B9F7-22C4A23A384C}.RelWithDebInfo|Any CPU.Build.0 = Release|Any CPU
		{B54DE8DD-6591-45C2-B9F7-22C4A23A384C}.RelWithDebInfo|ARM.ActiveCfg = Release|Any CPU
		{B54DE8DD-6591-45C2-B9F7-22C4A23A384C}.RelWithDebInfo|ARM.Build.0 = Release|Any CPU
		{B54DE8DD-6591-45C2-B9F7-22C4A23A384C}.RelWithDebInfo|ARM64.ActiveCfg = Release|Any CPU
		{B54DE8DD-6591-45C2-B9F7-22C4A23A384C}.RelWithDebInfo|ARM64.Build.0 = Release|Any CPU
		{B54DE8DD-6591-45C2-B9F7-22C4A23A384C}.RelWithDebInfo|x64.ActiveCfg = Release|Any CPU
		{B54DE8DD-6591-45C2-B9F7-22C4A23A384C}.RelWithDebInfo|x64.Build.0 = Release|Any CPU
		{B54DE8DD-6591-45C2-B9F7-22C4A23A384C}.RelWithDebInfo|x86.ActiveCfg = Release|Any CPU
		{B54DE8DD-6591-45C2-B9F7-22C4A23A384C}.RelWithDebInfo|x86.Build.0 = Release|Any CPU
		{863AA12D-0918-49CE-9E76-45A22680268B}.Checked|Any CPU.ActiveCfg = Debug|Any CPU
		{863AA12D-0918-49CE-9E76-45A22680268B}.Checked|Any CPU.Build.0 = Debug|Any CPU
		{863AA12D-0918-49CE-9E76-45A22680268B}.Checked|ARM.ActiveCfg = Debug|Any CPU
		{863AA12D-0918-49CE-9E76-45A22680268B}.Checked|ARM.Build.0 = Debug|Any CPU
		{863AA12D-0918-49CE-9E76-45A22680268B}.Checked|ARM64.ActiveCfg = Debug|Any CPU
		{863AA12D-0918-49CE-9E76-45A22680268B}.Checked|ARM64.Build.0 = Debug|Any CPU
		{863AA12D-0918-49CE-9E76-45A22680268B}.Checked|x64.ActiveCfg = Debug|Any CPU
		{863AA12D-0918-49CE-9E76-45A22680268B}.Checked|x64.Build.0 = Debug|Any CPU
		{863AA12D-0918-49CE-9E76-45A22680268B}.Checked|x86.ActiveCfg = Debug|Any CPU
		{863AA12D-0918-49CE-9E76-45A22680268B}.Checked|x86.Build.0 = Debug|Any CPU
		{863AA12D-0918-49CE-9E76-45A22680268B}.Debug|Any CPU.ActiveCfg = Debug|Any CPU
		{863AA12D-0918-49CE-9E76-45A22680268B}.Debug|Any CPU.Build.0 = Debug|Any CPU
		{863AA12D-0918-49CE-9E76-45A22680268B}.Debug|ARM.ActiveCfg = Debug|Any CPU
		{863AA12D-0918-49CE-9E76-45A22680268B}.Debug|ARM.Build.0 = Debug|Any CPU
		{863AA12D-0918-49CE-9E76-45A22680268B}.Debug|ARM64.ActiveCfg = Debug|Any CPU
		{863AA12D-0918-49CE-9E76-45A22680268B}.Debug|ARM64.Build.0 = Debug|Any CPU
		{863AA12D-0918-49CE-9E76-45A22680268B}.Debug|x64.ActiveCfg = Debug|Any CPU
		{863AA12D-0918-49CE-9E76-45A22680268B}.Debug|x64.Build.0 = Debug|Any CPU
		{863AA12D-0918-49CE-9E76-45A22680268B}.Debug|x86.ActiveCfg = Debug|Any CPU
		{863AA12D-0918-49CE-9E76-45A22680268B}.Debug|x86.Build.0 = Debug|Any CPU
		{863AA12D-0918-49CE-9E76-45A22680268B}.Release|Any CPU.ActiveCfg = Release|Any CPU
		{863AA12D-0918-49CE-9E76-45A22680268B}.Release|Any CPU.Build.0 = Release|Any CPU
		{863AA12D-0918-49CE-9E76-45A22680268B}.Release|ARM.ActiveCfg = Release|Any CPU
		{863AA12D-0918-49CE-9E76-45A22680268B}.Release|ARM.Build.0 = Release|Any CPU
		{863AA12D-0918-49CE-9E76-45A22680268B}.Release|ARM64.ActiveCfg = Release|Any CPU
		{863AA12D-0918-49CE-9E76-45A22680268B}.Release|ARM64.Build.0 = Release|Any CPU
		{863AA12D-0918-49CE-9E76-45A22680268B}.Release|x64.ActiveCfg = Release|Any CPU
		{863AA12D-0918-49CE-9E76-45A22680268B}.Release|x64.Build.0 = Release|Any CPU
		{863AA12D-0918-49CE-9E76-45A22680268B}.Release|x86.ActiveCfg = Release|Any CPU
		{863AA12D-0918-49CE-9E76-45A22680268B}.Release|x86.Build.0 = Release|Any CPU
		{863AA12D-0918-49CE-9E76-45A22680268B}.RelWithDebInfo|Any CPU.ActiveCfg = Release|Any CPU
		{863AA12D-0918-49CE-9E76-45A22680268B}.RelWithDebInfo|Any CPU.Build.0 = Release|Any CPU
		{863AA12D-0918-49CE-9E76-45A22680268B}.RelWithDebInfo|ARM.ActiveCfg = Release|Any CPU
		{863AA12D-0918-49CE-9E76-45A22680268B}.RelWithDebInfo|ARM.Build.0 = Release|Any CPU
		{863AA12D-0918-49CE-9E76-45A22680268B}.RelWithDebInfo|ARM64.ActiveCfg = Release|Any CPU
		{863AA12D-0918-49CE-9E76-45A22680268B}.RelWithDebInfo|ARM64.Build.0 = Release|Any CPU
		{863AA12D-0918-49CE-9E76-45A22680268B}.RelWithDebInfo|x64.ActiveCfg = Release|Any CPU
		{863AA12D-0918-49CE-9E76-45A22680268B}.RelWithDebInfo|x64.Build.0 = Release|Any CPU
		{863AA12D-0918-49CE-9E76-45A22680268B}.RelWithDebInfo|x86.ActiveCfg = Release|Any CPU
		{863AA12D-0918-49CE-9E76-45A22680268B}.RelWithDebInfo|x86.Build.0 = Release|Any CPU
		{5AB5A4B4-3A13-4D42-B42C-B9193E60F426}.Checked|Any CPU.ActiveCfg = Debug|Any CPU
		{5AB5A4B4-3A13-4D42-B42C-B9193E60F426}.Checked|Any CPU.Build.0 = Debug|Any CPU
		{5AB5A4B4-3A13-4D42-B42C-B9193E60F426}.Checked|ARM.ActiveCfg = Debug|Any CPU
		{5AB5A4B4-3A13-4D42-B42C-B9193E60F426}.Checked|ARM.Build.0 = Debug|Any CPU
		{5AB5A4B4-3A13-4D42-B42C-B9193E60F426}.Checked|ARM64.ActiveCfg = Debug|Any CPU
		{5AB5A4B4-3A13-4D42-B42C-B9193E60F426}.Checked|ARM64.Build.0 = Debug|Any CPU
		{5AB5A4B4-3A13-4D42-B42C-B9193E60F426}.Checked|x64.ActiveCfg = Debug|Any CPU
		{5AB5A4B4-3A13-4D42-B42C-B9193E60F426}.Checked|x64.Build.0 = Debug|Any CPU
		{5AB5A4B4-3A13-4D42-B42C-B9193E60F426}.Checked|x86.ActiveCfg = Debug|Any CPU
		{5AB5A4B4-3A13-4D42-B42C-B9193E60F426}.Checked|x86.Build.0 = Debug|Any CPU
		{5AB5A4B4-3A13-4D42-B42C-B9193E60F426}.Debug|Any CPU.ActiveCfg = Debug|Any CPU
		{5AB5A4B4-3A13-4D42-B42C-B9193E60F426}.Debug|Any CPU.Build.0 = Debug|Any CPU
		{5AB5A4B4-3A13-4D42-B42C-B9193E60F426}.Debug|ARM.ActiveCfg = Debug|Any CPU
		{5AB5A4B4-3A13-4D42-B42C-B9193E60F426}.Debug|ARM.Build.0 = Debug|Any CPU
		{5AB5A4B4-3A13-4D42-B42C-B9193E60F426}.Debug|ARM64.ActiveCfg = Debug|Any CPU
		{5AB5A4B4-3A13-4D42-B42C-B9193E60F426}.Debug|ARM64.Build.0 = Debug|Any CPU
		{5AB5A4B4-3A13-4D42-B42C-B9193E60F426}.Debug|x64.ActiveCfg = Debug|Any CPU
		{5AB5A4B4-3A13-4D42-B42C-B9193E60F426}.Debug|x64.Build.0 = Debug|Any CPU
		{5AB5A4B4-3A13-4D42-B42C-B9193E60F426}.Debug|x86.ActiveCfg = Debug|Any CPU
		{5AB5A4B4-3A13-4D42-B42C-B9193E60F426}.Debug|x86.Build.0 = Debug|Any CPU
		{5AB5A4B4-3A13-4D42-B42C-B9193E60F426}.Release|Any CPU.ActiveCfg = Release|Any CPU
		{5AB5A4B4-3A13-4D42-B42C-B9193E60F426}.Release|Any CPU.Build.0 = Release|Any CPU
		{5AB5A4B4-3A13-4D42-B42C-B9193E60F426}.Release|ARM.ActiveCfg = Release|Any CPU
		{5AB5A4B4-3A13-4D42-B42C-B9193E60F426}.Release|ARM.Build.0 = Release|Any CPU
		{5AB5A4B4-3A13-4D42-B42C-B9193E60F426}.Release|ARM64.ActiveCfg = Release|Any CPU
		{5AB5A4B4-3A13-4D42-B42C-B9193E60F426}.Release|ARM64.Build.0 = Release|Any CPU
		{5AB5A4B4-3A13-4D42-B42C-B9193E60F426}.Release|x64.ActiveCfg = Release|Any CPU
		{5AB5A4B4-3A13-4D42-B42C-B9193E60F426}.Release|x64.Build.0 = Release|Any CPU
		{5AB5A4B4-3A13-4D42-B42C-B9193E60F426}.Release|x86.ActiveCfg = Release|Any CPU
		{5AB5A4B4-3A13-4D42-B42C-B9193E60F426}.Release|x86.Build.0 = Release|Any CPU
		{5AB5A4B4-3A13-4D42-B42C-B9193E60F426}.RelWithDebInfo|Any CPU.ActiveCfg = Release|Any CPU
		{5AB5A4B4-3A13-4D42-B42C-B9193E60F426}.RelWithDebInfo|Any CPU.Build.0 = Release|Any CPU
		{5AB5A4B4-3A13-4D42-B42C-B9193E60F426}.RelWithDebInfo|ARM.ActiveCfg = Release|Any CPU
		{5AB5A4B4-3A13-4D42-B42C-B9193E60F426}.RelWithDebInfo|ARM.Build.0 = Release|Any CPU
		{5AB5A4B4-3A13-4D42-B42C-B9193E60F426}.RelWithDebInfo|ARM64.ActiveCfg = Release|Any CPU
		{5AB5A4B4-3A13-4D42-B42C-B9193E60F426}.RelWithDebInfo|ARM64.Build.0 = Release|Any CPU
		{5AB5A4B4-3A13-4D42-B42C-B9193E60F426}.RelWithDebInfo|x64.ActiveCfg = Release|Any CPU
		{5AB5A4B4-3A13-4D42-B42C-B9193E60F426}.RelWithDebInfo|x64.Build.0 = Release|Any CPU
		{5AB5A4B4-3A13-4D42-B42C-B9193E60F426}.RelWithDebInfo|x86.ActiveCfg = Release|Any CPU
		{5AB5A4B4-3A13-4D42-B42C-B9193E60F426}.RelWithDebInfo|x86.Build.0 = Release|Any CPU
		{FCEC25E0-9EE1-416E-A7C4-2898E5640157}.Checked|Any CPU.ActiveCfg = Debug|Any CPU
		{FCEC25E0-9EE1-416E-A7C4-2898E5640157}.Checked|Any CPU.Build.0 = Debug|Any CPU
		{FCEC25E0-9EE1-416E-A7C4-2898E5640157}.Checked|ARM.ActiveCfg = Debug|Any CPU
		{FCEC25E0-9EE1-416E-A7C4-2898E5640157}.Checked|ARM.Build.0 = Debug|Any CPU
		{FCEC25E0-9EE1-416E-A7C4-2898E5640157}.Checked|ARM64.ActiveCfg = Debug|Any CPU
		{FCEC25E0-9EE1-416E-A7C4-2898E5640157}.Checked|ARM64.Build.0 = Debug|Any CPU
		{FCEC25E0-9EE1-416E-A7C4-2898E5640157}.Checked|x64.ActiveCfg = Debug|Any CPU
		{FCEC25E0-9EE1-416E-A7C4-2898E5640157}.Checked|x64.Build.0 = Debug|Any CPU
		{FCEC25E0-9EE1-416E-A7C4-2898E5640157}.Checked|x86.ActiveCfg = Debug|Any CPU
		{FCEC25E0-9EE1-416E-A7C4-2898E5640157}.Checked|x86.Build.0 = Debug|Any CPU
		{FCEC25E0-9EE1-416E-A7C4-2898E5640157}.Debug|Any CPU.ActiveCfg = Debug|Any CPU
		{FCEC25E0-9EE1-416E-A7C4-2898E5640157}.Debug|Any CPU.Build.0 = Debug|Any CPU
		{FCEC25E0-9EE1-416E-A7C4-2898E5640157}.Debug|ARM.ActiveCfg = Debug|Any CPU
		{FCEC25E0-9EE1-416E-A7C4-2898E5640157}.Debug|ARM.Build.0 = Debug|Any CPU
		{FCEC25E0-9EE1-416E-A7C4-2898E5640157}.Debug|ARM64.ActiveCfg = Debug|Any CPU
		{FCEC25E0-9EE1-416E-A7C4-2898E5640157}.Debug|ARM64.Build.0 = Debug|Any CPU
		{FCEC25E0-9EE1-416E-A7C4-2898E5640157}.Debug|x64.ActiveCfg = Debug|Any CPU
		{FCEC25E0-9EE1-416E-A7C4-2898E5640157}.Debug|x64.Build.0 = Debug|Any CPU
		{FCEC25E0-9EE1-416E-A7C4-2898E5640157}.Debug|x86.ActiveCfg = Debug|Any CPU
		{FCEC25E0-9EE1-416E-A7C4-2898E5640157}.Debug|x86.Build.0 = Debug|Any CPU
		{FCEC25E0-9EE1-416E-A7C4-2898E5640157}.Release|Any CPU.ActiveCfg = Release|Any CPU
		{FCEC25E0-9EE1-416E-A7C4-2898E5640157}.Release|Any CPU.Build.0 = Release|Any CPU
		{FCEC25E0-9EE1-416E-A7C4-2898E5640157}.Release|ARM.ActiveCfg = Release|Any CPU
		{FCEC25E0-9EE1-416E-A7C4-2898E5640157}.Release|ARM.Build.0 = Release|Any CPU
		{FCEC25E0-9EE1-416E-A7C4-2898E5640157}.Release|ARM64.ActiveCfg = Release|Any CPU
		{FCEC25E0-9EE1-416E-A7C4-2898E5640157}.Release|ARM64.Build.0 = Release|Any CPU
		{FCEC25E0-9EE1-416E-A7C4-2898E5640157}.Release|x64.ActiveCfg = Release|Any CPU
		{FCEC25E0-9EE1-416E-A7C4-2898E5640157}.Release|x64.Build.0 = Release|Any CPU
		{FCEC25E0-9EE1-416E-A7C4-2898E5640157}.Release|x86.ActiveCfg = Release|Any CPU
		{FCEC25E0-9EE1-416E-A7C4-2898E5640157}.Release|x86.Build.0 = Release|Any CPU
		{FCEC25E0-9EE1-416E-A7C4-2898E5640157}.RelWithDebInfo|Any CPU.ActiveCfg = Release|Any CPU
		{FCEC25E0-9EE1-416E-A7C4-2898E5640157}.RelWithDebInfo|Any CPU.Build.0 = Release|Any CPU
		{FCEC25E0-9EE1-416E-A7C4-2898E5640157}.RelWithDebInfo|ARM.ActiveCfg = Release|Any CPU
		{FCEC25E0-9EE1-416E-A7C4-2898E5640157}.RelWithDebInfo|ARM.Build.0 = Release|Any CPU
		{FCEC25E0-9EE1-416E-A7C4-2898E5640157}.RelWithDebInfo|ARM64.ActiveCfg = Release|Any CPU
		{FCEC25E0-9EE1-416E-A7C4-2898E5640157}.RelWithDebInfo|ARM64.Build.0 = Release|Any CPU
		{FCEC25E0-9EE1-416E-A7C4-2898E5640157}.RelWithDebInfo|x64.ActiveCfg = Release|Any CPU
		{FCEC25E0-9EE1-416E-A7C4-2898E5640157}.RelWithDebInfo|x64.Build.0 = Release|Any CPU
		{FCEC25E0-9EE1-416E-A7C4-2898E5640157}.RelWithDebInfo|x86.ActiveCfg = Release|Any CPU
		{FCEC25E0-9EE1-416E-A7C4-2898E5640157}.RelWithDebInfo|x86.Build.0 = Release|Any CPU
		{04427BC9-8F54-4633-9BBB-6661715BD271}.Checked|Any CPU.ActiveCfg = Debug|Any CPU
		{04427BC9-8F54-4633-9BBB-6661715BD271}.Checked|Any CPU.Build.0 = Debug|Any CPU
		{04427BC9-8F54-4633-9BBB-6661715BD271}.Checked|ARM.ActiveCfg = Debug|Any CPU
		{04427BC9-8F54-4633-9BBB-6661715BD271}.Checked|ARM.Build.0 = Debug|Any CPU
		{04427BC9-8F54-4633-9BBB-6661715BD271}.Checked|ARM64.ActiveCfg = Debug|Any CPU
		{04427BC9-8F54-4633-9BBB-6661715BD271}.Checked|ARM64.Build.0 = Debug|Any CPU
		{04427BC9-8F54-4633-9BBB-6661715BD271}.Checked|x64.ActiveCfg = Debug|Any CPU
		{04427BC9-8F54-4633-9BBB-6661715BD271}.Checked|x64.Build.0 = Debug|Any CPU
		{04427BC9-8F54-4633-9BBB-6661715BD271}.Checked|x86.ActiveCfg = Debug|Any CPU
		{04427BC9-8F54-4633-9BBB-6661715BD271}.Checked|x86.Build.0 = Debug|Any CPU
		{04427BC9-8F54-4633-9BBB-6661715BD271}.Debug|Any CPU.ActiveCfg = Debug|Any CPU
		{04427BC9-8F54-4633-9BBB-6661715BD271}.Debug|Any CPU.Build.0 = Debug|Any CPU
		{04427BC9-8F54-4633-9BBB-6661715BD271}.Debug|ARM.ActiveCfg = Debug|Any CPU
		{04427BC9-8F54-4633-9BBB-6661715BD271}.Debug|ARM.Build.0 = Debug|Any CPU
		{04427BC9-8F54-4633-9BBB-6661715BD271}.Debug|ARM64.ActiveCfg = Debug|Any CPU
		{04427BC9-8F54-4633-9BBB-6661715BD271}.Debug|ARM64.Build.0 = Debug|Any CPU
		{04427BC9-8F54-4633-9BBB-6661715BD271}.Debug|x64.ActiveCfg = Debug|Any CPU
		{04427BC9-8F54-4633-9BBB-6661715BD271}.Debug|x64.Build.0 = Debug|Any CPU
		{04427BC9-8F54-4633-9BBB-6661715BD271}.Debug|x86.ActiveCfg = Debug|Any CPU
		{04427BC9-8F54-4633-9BBB-6661715BD271}.Debug|x86.Build.0 = Debug|Any CPU
		{04427BC9-8F54-4633-9BBB-6661715BD271}.Release|Any CPU.ActiveCfg = Release|Any CPU
		{04427BC9-8F54-4633-9BBB-6661715BD271}.Release|Any CPU.Build.0 = Release|Any CPU
		{04427BC9-8F54-4633-9BBB-6661715BD271}.Release|ARM.ActiveCfg = Release|Any CPU
		{04427BC9-8F54-4633-9BBB-6661715BD271}.Release|ARM.Build.0 = Release|Any CPU
		{04427BC9-8F54-4633-9BBB-6661715BD271}.Release|ARM64.ActiveCfg = Release|Any CPU
		{04427BC9-8F54-4633-9BBB-6661715BD271}.Release|ARM64.Build.0 = Release|Any CPU
		{04427BC9-8F54-4633-9BBB-6661715BD271}.Release|x64.ActiveCfg = Release|Any CPU
		{04427BC9-8F54-4633-9BBB-6661715BD271}.Release|x64.Build.0 = Release|Any CPU
		{04427BC9-8F54-4633-9BBB-6661715BD271}.Release|x86.ActiveCfg = Release|Any CPU
		{04427BC9-8F54-4633-9BBB-6661715BD271}.Release|x86.Build.0 = Release|Any CPU
		{04427BC9-8F54-4633-9BBB-6661715BD271}.RelWithDebInfo|Any CPU.ActiveCfg = Release|Any CPU
		{04427BC9-8F54-4633-9BBB-6661715BD271}.RelWithDebInfo|Any CPU.Build.0 = Release|Any CPU
		{04427BC9-8F54-4633-9BBB-6661715BD271}.RelWithDebInfo|ARM.ActiveCfg = Release|Any CPU
		{04427BC9-8F54-4633-9BBB-6661715BD271}.RelWithDebInfo|ARM.Build.0 = Release|Any CPU
		{04427BC9-8F54-4633-9BBB-6661715BD271}.RelWithDebInfo|ARM64.ActiveCfg = Release|Any CPU
		{04427BC9-8F54-4633-9BBB-6661715BD271}.RelWithDebInfo|ARM64.Build.0 = Release|Any CPU
		{04427BC9-8F54-4633-9BBB-6661715BD271}.RelWithDebInfo|x64.ActiveCfg = Release|Any CPU
		{04427BC9-8F54-4633-9BBB-6661715BD271}.RelWithDebInfo|x64.Build.0 = Release|Any CPU
		{04427BC9-8F54-4633-9BBB-6661715BD271}.RelWithDebInfo|x86.ActiveCfg = Release|Any CPU
		{04427BC9-8F54-4633-9BBB-6661715BD271}.RelWithDebInfo|x86.Build.0 = Release|Any CPU
	EndGlobalSection
	GlobalSection(SolutionProperties) = preSolution
		HideSolutionNode = FALSE
	EndGlobalSection
	GlobalSection(NestedProjects) = preSolution
		{B62728C8-1267-4043-B46F-5537BBAEC692} = {19FAB78C-3351-4911-8F0C-8C6056401740}
		{C57F7656-6663-4A3C-BE38-B75C6C57E77D} = {B62728C8-1267-4043-B46F-5537BBAEC692}
		{B54DE8DD-6591-45C2-B9F7-22C4A23A384C} = {19FAB78C-3351-4911-8F0C-8C6056401740}
		{B24CD8F2-D809-4DB8-89A1-D45FA9218020} = {19FAB78C-3351-4911-8F0C-8C6056401740}
		{C7568468-1C79-4944-8136-18812A7F9EA7} = {19FAB78C-3351-4911-8F0C-8C6056401740}
		{863AA12D-0918-49CE-9E76-45A22680268B} = {C7568468-1C79-4944-8136-18812A7F9EA7}
		{5AB5A4B4-3A13-4D42-B42C-B9193E60F426} = {C7568468-1C79-4944-8136-18812A7F9EA7}
		{FCEC25E0-9EE1-416E-A7C4-2898E5640157} = {C7568468-1C79-4944-8136-18812A7F9EA7}
		{04427BC9-8F54-4633-9BBB-6661715BD271} = {C7568468-1C79-4944-8136-18812A7F9EA7}
	EndGlobalSection
	GlobalSection(ExtensibilityGlobals) = postSolution
		SolutionGuid = {46465737-C938-44FC-BE1A-4CE139EBB5E0}
	EndGlobalSection
EndGlobal
