
Microsoft Visual Studio Solution File, Format Version 12.00
# Visual Studio Version 17
VisualStudioVersion = 17.0.31605.382
MinimumVisualStudioVersion = 10.0.40219.1
Project("{2150E333-8FDC-42A3-9474-1A3956D46DE8}") = "src", "src", "{19FAB78C-3351-4911-8F0C-8C6056401740}"
EndProject
Project("{2150E333-8FDC-42A3-9474-1A3956D46DE8}") = "Tools", "Tools", "{B62728C8-1267-4043-B46F-5537BBAEC692}"
EndProject
Project("{9A19103F-16F7-4668-BE54-9A1E7A4F7556}") = "dotnet-monitor", "src\Tools\dotnet-monitor\dotnet-monitor.csproj", "{C57F7656-6663-4A3C-BE38-B75C6C57E77D}"
EndProject
Project("{9A19103F-16F7-4668-BE54-9A1E7A4F7556}") = "Microsoft.Diagnostics.Monitoring.WebApi", "src\Microsoft.Diagnostics.Monitoring.WebApi\Microsoft.Diagnostics.Monitoring.WebApi.csproj", "{B54DE8DD-6591-45C2-B9F7-22C4A23A384C}"
EndProject
Project("{2150E333-8FDC-42A3-9474-1A3956D46DE8}") = "Tests", "Tests", "{C7568468-1C79-4944-8136-18812A7F9EA7}"
EndProject
Project("{9A19103F-16F7-4668-BE54-9A1E7A4F7556}") = "Microsoft.Diagnostics.Monitoring.TestCommon", "src\Tests\Microsoft.Diagnostics.Monitoring.TestCommon\Microsoft.Diagnostics.Monitoring.TestCommon.csproj", "{863AA12D-0918-49CE-9E76-45A22680268B}"
EndProject
Project("{9A19103F-16F7-4668-BE54-9A1E7A4F7556}") = "Microsoft.Diagnostics.Monitoring.OpenApiGen", "src\Tests\Microsoft.Diagnostics.Monitoring.OpenApiGen\Microsoft.Diagnostics.Monitoring.OpenApiGen.csproj", "{5AB5A4B4-3A13-4D42-B42C-B9193E60F426}"
EndProject
Project("{9A19103F-16F7-4668-BE54-9A1E7A4F7556}") = "Microsoft.Diagnostics.Monitoring.OpenApiGen.UnitTests", "src\Tests\Microsoft.Diagnostics.Monitoring.OpenApiGen.UnitTests\Microsoft.Diagnostics.Monitoring.OpenApiGen.UnitTests.csproj", "{FCEC25E0-9EE1-416E-A7C4-2898E5640157}"
EndProject
Project("{9A19103F-16F7-4668-BE54-9A1E7A4F7556}") = "Microsoft.Diagnostics.Monitoring.Tool.FunctionalTests", "src\Tests\Microsoft.Diagnostics.Monitoring.Tool.FunctionalTests\Microsoft.Diagnostics.Monitoring.Tool.FunctionalTests.csproj", "{04427BC9-8F54-4633-9BBB-6661715BD271}"
EndProject
Project("{9A19103F-16F7-4668-BE54-9A1E7A4F7556}") = "Microsoft.Diagnostics.Monitoring.UnitTestApp", "src\Tests\Microsoft.Diagnostics.Monitoring.UnitTestApp\Microsoft.Diagnostics.Monitoring.UnitTestApp.csproj", "{DC672D2F-3A21-40BD-B495-660850EBC5F7}"
EndProject
Project("{9A19103F-16F7-4668-BE54-9A1E7A4F7556}") = "Microsoft.Diagnostics.Monitoring.ConfigurationSchema.UnitTests", "src\Tests\Microsoft.Diagnostics.Monitoring.ConfigurationSchema.UnitTests\Microsoft.Diagnostics.Monitoring.ConfigurationSchema.UnitTests.csproj", "{886D1FD5-125F-435B-934C-30DF2938E7F6}"
EndProject
Project("{9A19103F-16F7-4668-BE54-9A1E7A4F7556}") = "Microsoft.Diagnostics.Monitoring.ConfigurationSchema", "src\Tests\Microsoft.Diagnostics.Monitoring.ConfigurationSchema\Microsoft.Diagnostics.Monitoring.ConfigurationSchema.csproj", "{422ABBF6-6236-4042-AACA-09531DBDFBAA}"
EndProject
Project("{9A19103F-16F7-4668-BE54-9A1E7A4F7556}") = "Microsoft.Diagnostics.Monitoring.WebApi.UnitTests", "src\Tests\Microsoft.Diagnostics.Monitoring.WebApi.UnitTests\Microsoft.Diagnostics.Monitoring.WebApi.UnitTests.csproj", "{3AD0A40B-C569-4712-9764-7A788B9CD811}"
EndProject
Project("{9A19103F-16F7-4668-BE54-9A1E7A4F7556}") = "Microsoft.Diagnostics.Monitoring.Options", "src\Microsoft.Diagnostics.Monitoring.Options\Microsoft.Diagnostics.Monitoring.Options.csproj", "{173F959B-231B-45D1-8328-9460D4C5BC71}"
EndProject
Project("{9A19103F-16F7-4668-BE54-9A1E7A4F7556}") = "Microsoft.Diagnostics.Monitoring.Tool.UnitTests", "src\Tests\Microsoft.Diagnostics.Monitoring.Tool.UnitTests\Microsoft.Diagnostics.Monitoring.Tool.UnitTests.csproj", "{0DBE362D-82F1-4740-AE6A-40C1A82EDCDB}"
EndProject
Project("{9A19103F-16F7-4668-BE54-9A1E7A4F7556}") = "Microsoft.Diagnostics.Monitoring.EgressExtensibilityApp", "src\Tests\Microsoft.Diagnostics.Monitoring.EgressExtensibilityApp\Microsoft.Diagnostics.Monitoring.EgressExtensibilityApp.csproj", "{8F8A9A15-24D5-496C-B769-3CAED25D1BA8}"
EndProject
Project("{9A19103F-16F7-4668-BE54-9A1E7A4F7556}") = "AzureBlobStorage", "src\Extensions\AzureBlobStorage\AzureBlobStorage.csproj", "{5ED61A7B-F0AA-45F2-9E9A-8972FF7F7278}"
EndProject
Project("{9A19103F-16F7-4668-BE54-9A1E7A4F7556}") = "S3Storage", "src\Extensions\S3Storage\S3Storage.csproj", "{55309C3E-1DD2-4B4A-9126-CFA28C97F1AD}"
EndProject
Project("{9A19103F-16F7-4668-BE54-9A1E7A4F7556}") = "Microsoft.Diagnostics.Monitoring.AzureBlobStorageTests.UnitTests", "src\Tests\Microsoft.Diagnostics.Monitoring.AzureBlobStorageTests.UnitTests\Microsoft.Diagnostics.Monitoring.AzureBlobStorageTests.UnitTests.csproj", "{4276CFC4-B05F-4FCA-A4ED-0C82D541B23D}"
EndProject
Project("{9A19103F-16F7-4668-BE54-9A1E7A4F7556}") = "Microsoft.Diagnostics.Monitoring.S3StorageTests.UnitTests", "src\Tests\Microsoft.Diagnostics.Monitoring.S3StorageTests.UnitTests\Microsoft.Diagnostics.Monitoring.S3StorageTests.UnitTests.csproj", "{5761C008-71BC-4BAE-B6AB-570BB289359E}"
EndProject
Project("{9A19103F-16F7-4668-BE54-9A1E7A4F7556}") = "Microsoft.Diagnostics.Monitoring.Extension.Common", "src\Microsoft.Diagnostics.Monitoring.Extension.Common\Microsoft.Diagnostics.Monitoring.Extension.Common.csproj", "{65C25244-F80E-4D59-98D6-CBB3D04E2B3C}"
EndProject
Project("{9A19103F-16F7-4668-BE54-9A1E7A4F7556}") = "Microsoft.Diagnostics.Monitoring.Profiler.UnitTests", "src\Tests\Microsoft.Diagnostics.Monitoring.Profiler.UnitTests\Microsoft.Diagnostics.Monitoring.Profiler.UnitTests.csproj", "{A25AC517-F7C6-43C6-B892-4A447914C42C}"
EndProject
Project("{9A19103F-16F7-4668-BE54-9A1E7A4F7556}") = "Microsoft.Diagnostics.Monitoring.Profiler.UnitTestApp", "src\Tests\Microsoft.Diagnostics.Monitoring.Profiler.UnitTestApp\Microsoft.Diagnostics.Monitoring.Profiler.UnitTestApp.csproj", "{1CA2284B-A3A0-476A-9A93-A95E665E78BE}"
EndProject
Project("{2150E333-8FDC-42A3-9474-1A3956D46DE8}") = "Solution Items", "Solution Items", "{D8427A5A-810A-4664-9B68-FB64B5E18178}"
	ProjectSection(SolutionItems) = preProject
		.editorconfig = .editorconfig
	EndProjectSection
EndProject
Project("{9A19103F-16F7-4668-BE54-9A1E7A4F7556}") = "Microsoft.Diagnostics.Monitoring.Tool.TestHostingStartup", "src\Tests\Microsoft.Diagnostics.Monitoring.Tool.TestHostingStartup\Microsoft.Diagnostics.Monitoring.Tool.TestHostingStartup.csproj", "{F324BAD6-C9C0-42DE-9150-D8307D972E9A}"
EndProject
Project("{9A19103F-16F7-4668-BE54-9A1E7A4F7556}") = "Microsoft.Diagnostics.Monitoring.Tool.TestStartupHook", "src\Tests\Microsoft.Diagnostics.Monitoring.Tool.TestStartupHook\Microsoft.Diagnostics.Monitoring.Tool.TestStartupHook.csproj", "{9BEB8058-7EE4-4EE2-B83D-592E85236E78}"
EndProject
Project("{9A19103F-16F7-4668-BE54-9A1E7A4F7556}") = "Microsoft.Diagnostics.Monitoring.TestProcessCleanupStartupHook", "src\Tests\Microsoft.Diagnostics.Monitoring.TestProcessCleanupStartupHook\Microsoft.Diagnostics.Monitoring.TestProcessCleanupStartupHook.csproj", "{D2D8F2EB-9FAD-4DB6-B4E4-8805118CB236}"
EndProject
Project("{9A19103F-16F7-4668-BE54-9A1E7A4F7556}") = "Microsoft.Diagnostics.Monitoring.Tool.UnitTestCommon", "src\Tests\Microsoft.Diagnostics.Monitoring.Tool.UnitTestCommon\Microsoft.Diagnostics.Monitoring.Tool.UnitTestCommon.csproj", "{E438C0E0-0301-4A8F-9153-BFE4839F213E}"
EndProject
Project("{9A19103F-16F7-4668-BE54-9A1E7A4F7556}") = "CollectionRuleActions.UnitTests", "src\Tests\CollectionRuleActions.UnitTests\CollectionRuleActions.UnitTests.csproj", "{2FD0A2A3-D7DA-4458-9084-E195102B9D5B}"
EndProject
Project("{9A19103F-16F7-4668-BE54-9A1E7A4F7556}") = "Microsoft.Diagnostics.Monitoring.StartupHook", "src\Microsoft.Diagnostics.Monitoring.StartupHook\Microsoft.Diagnostics.Monitoring.StartupHook.csproj", "{72EC615C-E1BE-4D27-A0FC-C0FEE483D3D2}"
EndProject
Project("{9A19103F-16F7-4668-BE54-9A1E7A4F7556}") = "Microsoft.Diagnostics.Monitoring.StartupHook.UnitTests", "src\Tests\Microsoft.Diagnostics.Monitoring.StartupHook.UnitTests\Microsoft.Diagnostics.Monitoring.StartupHook.UnitTests.csproj", "{E7EA323B-0CFE-4D42-9844-4C322A3BC54A}"
EndProject
Project("{2150E333-8FDC-42A3-9474-1A3956D46DE8}") = "Extensions", "Extensions", "{D3FEE1C0-E1E7-4796-A217-B46E3B6CCCCD}"
EndProject
Project("{9A19103F-16F7-4668-BE54-9A1E7A4F7556}") = "Microsoft.Diagnostics.Monitoring.HostingStartup", "src\Microsoft.Diagnostics.Monitoring.HostingStartup\Microsoft.Diagnostics.Monitoring.HostingStartup.csproj", "{86BDA5CD-6A18-4EC2-9F13-F1A2723DD864}"
EndProject
Project("{9A19103F-16F7-4668-BE54-9A1E7A4F7556}") = "Microsoft.Diagnostics.Monitoring.HostingStartup.UnitTests", "src\Tests\Microsoft.Diagnostics.Monitoring.HostingStartup.UnitTests\Microsoft.Diagnostics.Monitoring.HostingStartup.UnitTests.csproj", "{B9216DD7-F216-490A-A388-BBE0EC946EF2}"
EndProject
Project("{FAE04EC0-301F-11D3-BF4B-00C04F79EFBC}") = "AzureEventHubsStorage", "src\Extensions\AzureEventHubsStorage\AzureEventHubsStorage.csproj", "{82E68F14-F65C-49D4-BE86-00512347D8F4}"
EndProject
Global
	GlobalSection(SolutionConfigurationPlatforms) = preSolution
		Debug|Any CPU = Debug|Any CPU
		Release|Any CPU = Release|Any CPU
	EndGlobalSection
	GlobalSection(ProjectConfigurationPlatforms) = postSolution
		{C57F7656-6663-4A3C-BE38-B75C6C57E77D}.Debug|Any CPU.ActiveCfg = Debug|Any CPU
		{C57F7656-6663-4A3C-BE38-B75C6C57E77D}.Debug|Any CPU.Build.0 = Debug|Any CPU
		{C57F7656-6663-4A3C-BE38-B75C6C57E77D}.Release|Any CPU.ActiveCfg = Release|Any CPU
		{C57F7656-6663-4A3C-BE38-B75C6C57E77D}.Release|Any CPU.Build.0 = Release|Any CPU
		{B54DE8DD-6591-45C2-B9F7-22C4A23A384C}.Debug|Any CPU.ActiveCfg = Debug|Any CPU
		{B54DE8DD-6591-45C2-B9F7-22C4A23A384C}.Debug|Any CPU.Build.0 = Debug|Any CPU
		{B54DE8DD-6591-45C2-B9F7-22C4A23A384C}.Release|Any CPU.ActiveCfg = Release|Any CPU
		{B54DE8DD-6591-45C2-B9F7-22C4A23A384C}.Release|Any CPU.Build.0 = Release|Any CPU
		{863AA12D-0918-49CE-9E76-45A22680268B}.Debug|Any CPU.ActiveCfg = Debug|Any CPU
		{863AA12D-0918-49CE-9E76-45A22680268B}.Debug|Any CPU.Build.0 = Debug|Any CPU
		{863AA12D-0918-49CE-9E76-45A22680268B}.Release|Any CPU.ActiveCfg = Release|Any CPU
		{863AA12D-0918-49CE-9E76-45A22680268B}.Release|Any CPU.Build.0 = Release|Any CPU
		{5AB5A4B4-3A13-4D42-B42C-B9193E60F426}.Debug|Any CPU.ActiveCfg = Debug|Any CPU
		{5AB5A4B4-3A13-4D42-B42C-B9193E60F426}.Debug|Any CPU.Build.0 = Debug|Any CPU
		{5AB5A4B4-3A13-4D42-B42C-B9193E60F426}.Release|Any CPU.ActiveCfg = Release|Any CPU
		{5AB5A4B4-3A13-4D42-B42C-B9193E60F426}.Release|Any CPU.Build.0 = Release|Any CPU
		{FCEC25E0-9EE1-416E-A7C4-2898E5640157}.Debug|Any CPU.ActiveCfg = Debug|Any CPU
		{FCEC25E0-9EE1-416E-A7C4-2898E5640157}.Debug|Any CPU.Build.0 = Debug|Any CPU
		{FCEC25E0-9EE1-416E-A7C4-2898E5640157}.Release|Any CPU.ActiveCfg = Release|Any CPU
		{FCEC25E0-9EE1-416E-A7C4-2898E5640157}.Release|Any CPU.Build.0 = Release|Any CPU
		{04427BC9-8F54-4633-9BBB-6661715BD271}.Debug|Any CPU.ActiveCfg = Debug|Any CPU
		{04427BC9-8F54-4633-9BBB-6661715BD271}.Debug|Any CPU.Build.0 = Debug|Any CPU
		{04427BC9-8F54-4633-9BBB-6661715BD271}.Release|Any CPU.ActiveCfg = Release|Any CPU
		{04427BC9-8F54-4633-9BBB-6661715BD271}.Release|Any CPU.Build.0 = Release|Any CPU
		{DC672D2F-3A21-40BD-B495-660850EBC5F7}.Debug|Any CPU.ActiveCfg = Debug|Any CPU
		{DC672D2F-3A21-40BD-B495-660850EBC5F7}.Debug|Any CPU.Build.0 = Debug|Any CPU
		{DC672D2F-3A21-40BD-B495-660850EBC5F7}.Release|Any CPU.ActiveCfg = Release|Any CPU
		{DC672D2F-3A21-40BD-B495-660850EBC5F7}.Release|Any CPU.Build.0 = Release|Any CPU
		{886D1FD5-125F-435B-934C-30DF2938E7F6}.Debug|Any CPU.ActiveCfg = Debug|Any CPU
		{886D1FD5-125F-435B-934C-30DF2938E7F6}.Debug|Any CPU.Build.0 = Debug|Any CPU
		{886D1FD5-125F-435B-934C-30DF2938E7F6}.Release|Any CPU.ActiveCfg = Release|Any CPU
		{886D1FD5-125F-435B-934C-30DF2938E7F6}.Release|Any CPU.Build.0 = Release|Any CPU
		{422ABBF6-6236-4042-AACA-09531DBDFBAA}.Debug|Any CPU.ActiveCfg = Debug|Any CPU
		{422ABBF6-6236-4042-AACA-09531DBDFBAA}.Debug|Any CPU.Build.0 = Debug|Any CPU
		{422ABBF6-6236-4042-AACA-09531DBDFBAA}.Release|Any CPU.ActiveCfg = Release|Any CPU
		{422ABBF6-6236-4042-AACA-09531DBDFBAA}.Release|Any CPU.Build.0 = Release|Any CPU
		{3AD0A40B-C569-4712-9764-7A788B9CD811}.Debug|Any CPU.ActiveCfg = Debug|Any CPU
		{3AD0A40B-C569-4712-9764-7A788B9CD811}.Debug|Any CPU.Build.0 = Debug|Any CPU
		{3AD0A40B-C569-4712-9764-7A788B9CD811}.Release|Any CPU.ActiveCfg = Release|Any CPU
		{3AD0A40B-C569-4712-9764-7A788B9CD811}.Release|Any CPU.Build.0 = Release|Any CPU
		{173F959B-231B-45D1-8328-9460D4C5BC71}.Debug|Any CPU.ActiveCfg = Debug|Any CPU
		{173F959B-231B-45D1-8328-9460D4C5BC71}.Debug|Any CPU.Build.0 = Debug|Any CPU
		{173F959B-231B-45D1-8328-9460D4C5BC71}.Release|Any CPU.ActiveCfg = Release|Any CPU
		{173F959B-231B-45D1-8328-9460D4C5BC71}.Release|Any CPU.Build.0 = Release|Any CPU
		{0DBE362D-82F1-4740-AE6A-40C1A82EDCDB}.Debug|Any CPU.ActiveCfg = Debug|Any CPU
		{0DBE362D-82F1-4740-AE6A-40C1A82EDCDB}.Debug|Any CPU.Build.0 = Debug|Any CPU
		{0DBE362D-82F1-4740-AE6A-40C1A82EDCDB}.Release|Any CPU.ActiveCfg = Release|Any CPU
		{0DBE362D-82F1-4740-AE6A-40C1A82EDCDB}.Release|Any CPU.Build.0 = Release|Any CPU
		{8F8A9A15-24D5-496C-B769-3CAED25D1BA8}.Debug|Any CPU.ActiveCfg = Debug|Any CPU
		{8F8A9A15-24D5-496C-B769-3CAED25D1BA8}.Debug|Any CPU.Build.0 = Debug|Any CPU
		{8F8A9A15-24D5-496C-B769-3CAED25D1BA8}.Release|Any CPU.ActiveCfg = Release|Any CPU
		{8F8A9A15-24D5-496C-B769-3CAED25D1BA8}.Release|Any CPU.Build.0 = Release|Any CPU
		{5ED61A7B-F0AA-45F2-9E9A-8972FF7F7278}.Debug|Any CPU.ActiveCfg = Debug|Any CPU
		{5ED61A7B-F0AA-45F2-9E9A-8972FF7F7278}.Debug|Any CPU.Build.0 = Debug|Any CPU
		{5ED61A7B-F0AA-45F2-9E9A-8972FF7F7278}.Release|Any CPU.ActiveCfg = Release|Any CPU
		{5ED61A7B-F0AA-45F2-9E9A-8972FF7F7278}.Release|Any CPU.Build.0 = Release|Any CPU
		{55309C3E-1DD2-4B4A-9126-CFA28C97F1AD}.Debug|Any CPU.ActiveCfg = Debug|Any CPU
		{55309C3E-1DD2-4B4A-9126-CFA28C97F1AD}.Debug|Any CPU.Build.0 = Debug|Any CPU
		{55309C3E-1DD2-4B4A-9126-CFA28C97F1AD}.Release|Any CPU.ActiveCfg = Release|Any CPU
		{55309C3E-1DD2-4B4A-9126-CFA28C97F1AD}.Release|Any CPU.Build.0 = Release|Any CPU
		{4276CFC4-B05F-4FCA-A4ED-0C82D541B23D}.Debug|Any CPU.ActiveCfg = Debug|Any CPU
		{4276CFC4-B05F-4FCA-A4ED-0C82D541B23D}.Debug|Any CPU.Build.0 = Debug|Any CPU
		{4276CFC4-B05F-4FCA-A4ED-0C82D541B23D}.Release|Any CPU.ActiveCfg = Release|Any CPU
		{4276CFC4-B05F-4FCA-A4ED-0C82D541B23D}.Release|Any CPU.Build.0 = Release|Any CPU
		{5761C008-71BC-4BAE-B6AB-570BB289359E}.Debug|Any CPU.ActiveCfg = Debug|Any CPU
		{5761C008-71BC-4BAE-B6AB-570BB289359E}.Debug|Any CPU.Build.0 = Debug|Any CPU
		{5761C008-71BC-4BAE-B6AB-570BB289359E}.Release|Any CPU.ActiveCfg = Release|Any CPU
		{5761C008-71BC-4BAE-B6AB-570BB289359E}.Release|Any CPU.Build.0 = Release|Any CPU
		{65C25244-F80E-4D59-98D6-CBB3D04E2B3C}.Debug|Any CPU.ActiveCfg = Debug|Any CPU
		{65C25244-F80E-4D59-98D6-CBB3D04E2B3C}.Debug|Any CPU.Build.0 = Debug|Any CPU
		{65C25244-F80E-4D59-98D6-CBB3D04E2B3C}.Release|Any CPU.ActiveCfg = Release|Any CPU
		{65C25244-F80E-4D59-98D6-CBB3D04E2B3C}.Release|Any CPU.Build.0 = Release|Any CPU
		{A25AC517-F7C6-43C6-B892-4A447914C42C}.Debug|Any CPU.ActiveCfg = Debug|Any CPU
		{A25AC517-F7C6-43C6-B892-4A447914C42C}.Debug|Any CPU.Build.0 = Debug|Any CPU
		{A25AC517-F7C6-43C6-B892-4A447914C42C}.Release|Any CPU.ActiveCfg = Release|Any CPU
		{A25AC517-F7C6-43C6-B892-4A447914C42C}.Release|Any CPU.Build.0 = Release|Any CPU
		{1CA2284B-A3A0-476A-9A93-A95E665E78BE}.Debug|Any CPU.ActiveCfg = Debug|Any CPU
		{1CA2284B-A3A0-476A-9A93-A95E665E78BE}.Debug|Any CPU.Build.0 = Debug|Any CPU
		{1CA2284B-A3A0-476A-9A93-A95E665E78BE}.Release|Any CPU.ActiveCfg = Release|Any CPU
		{1CA2284B-A3A0-476A-9A93-A95E665E78BE}.Release|Any CPU.Build.0 = Release|Any CPU
		{F324BAD6-C9C0-42DE-9150-D8307D972E9A}.Debug|Any CPU.ActiveCfg = Debug|Any CPU
		{F324BAD6-C9C0-42DE-9150-D8307D972E9A}.Debug|Any CPU.Build.0 = Debug|Any CPU
		{F324BAD6-C9C0-42DE-9150-D8307D972E9A}.Release|Any CPU.ActiveCfg = Release|Any CPU
		{F324BAD6-C9C0-42DE-9150-D8307D972E9A}.Release|Any CPU.Build.0 = Release|Any CPU
		{9BEB8058-7EE4-4EE2-B83D-592E85236E78}.Debug|Any CPU.ActiveCfg = Debug|Any CPU
		{9BEB8058-7EE4-4EE2-B83D-592E85236E78}.Debug|Any CPU.Build.0 = Debug|Any CPU
		{9BEB8058-7EE4-4EE2-B83D-592E85236E78}.Release|Any CPU.ActiveCfg = Release|Any CPU
		{9BEB8058-7EE4-4EE2-B83D-592E85236E78}.Release|Any CPU.Build.0 = Release|Any CPU
		{D2D8F2EB-9FAD-4DB6-B4E4-8805118CB236}.Debug|Any CPU.ActiveCfg = Debug|Any CPU
		{D2D8F2EB-9FAD-4DB6-B4E4-8805118CB236}.Debug|Any CPU.Build.0 = Debug|Any CPU
		{D2D8F2EB-9FAD-4DB6-B4E4-8805118CB236}.Release|Any CPU.ActiveCfg = Release|Any CPU
		{D2D8F2EB-9FAD-4DB6-B4E4-8805118CB236}.Release|Any CPU.Build.0 = Release|Any CPU
		{E438C0E0-0301-4A8F-9153-BFE4839F213E}.Debug|Any CPU.ActiveCfg = Debug|Any CPU
		{E438C0E0-0301-4A8F-9153-BFE4839F213E}.Debug|Any CPU.Build.0 = Debug|Any CPU
		{E438C0E0-0301-4A8F-9153-BFE4839F213E}.Release|Any CPU.ActiveCfg = Release|Any CPU
		{E438C0E0-0301-4A8F-9153-BFE4839F213E}.Release|Any CPU.Build.0 = Release|Any CPU
		{2FD0A2A3-D7DA-4458-9084-E195102B9D5B}.Debug|Any CPU.ActiveCfg = Debug|Any CPU
		{2FD0A2A3-D7DA-4458-9084-E195102B9D5B}.Debug|Any CPU.Build.0 = Debug|Any CPU
		{2FD0A2A3-D7DA-4458-9084-E195102B9D5B}.Release|Any CPU.ActiveCfg = Release|Any CPU
		{2FD0A2A3-D7DA-4458-9084-E195102B9D5B}.Release|Any CPU.Build.0 = Release|Any CPU
		{72EC615C-E1BE-4D27-A0FC-C0FEE483D3D2}.Debug|Any CPU.ActiveCfg = Debug|Any CPU
		{72EC615C-E1BE-4D27-A0FC-C0FEE483D3D2}.Debug|Any CPU.Build.0 = Debug|Any CPU
		{72EC615C-E1BE-4D27-A0FC-C0FEE483D3D2}.Release|Any CPU.ActiveCfg = Release|Any CPU
		{72EC615C-E1BE-4D27-A0FC-C0FEE483D3D2}.Release|Any CPU.Build.0 = Release|Any CPU
		{E7EA323B-0CFE-4D42-9844-4C322A3BC54A}.Debug|Any CPU.ActiveCfg = Debug|Any CPU
		{E7EA323B-0CFE-4D42-9844-4C322A3BC54A}.Debug|Any CPU.Build.0 = Debug|Any CPU
		{E7EA323B-0CFE-4D42-9844-4C322A3BC54A}.Release|Any CPU.ActiveCfg = Release|Any CPU
		{E7EA323B-0CFE-4D42-9844-4C322A3BC54A}.Release|Any CPU.Build.0 = Release|Any CPU
		{86BDA5CD-6A18-4EC2-9F13-F1A2723DD864}.Debug|Any CPU.ActiveCfg = Debug|Any CPU
		{86BDA5CD-6A18-4EC2-9F13-F1A2723DD864}.Debug|Any CPU.Build.0 = Debug|Any CPU
		{86BDA5CD-6A18-4EC2-9F13-F1A2723DD864}.Release|Any CPU.ActiveCfg = Release|Any CPU
		{86BDA5CD-6A18-4EC2-9F13-F1A2723DD864}.Release|Any CPU.Build.0 = Release|Any CPU
		{B9216DD7-F216-490A-A388-BBE0EC946EF2}.Debug|Any CPU.ActiveCfg = Debug|Any CPU
		{B9216DD7-F216-490A-A388-BBE0EC946EF2}.Debug|Any CPU.Build.0 = Debug|Any CPU
		{B9216DD7-F216-490A-A388-BBE0EC946EF2}.Release|Any CPU.ActiveCfg = Release|Any CPU
		{B9216DD7-F216-490A-A388-BBE0EC946EF2}.Release|Any CPU.Build.0 = Release|Any CPU
		{82E68F14-F65C-49D4-BE86-00512347D8F4}.Debug|Any CPU.ActiveCfg = Debug|Any CPU
		{82E68F14-F65C-49D4-BE86-00512347D8F4}.Debug|Any CPU.Build.0 = Debug|Any CPU
		{82E68F14-F65C-49D4-BE86-00512347D8F4}.Release|Any CPU.ActiveCfg = Release|Any CPU
		{82E68F14-F65C-49D4-BE86-00512347D8F4}.Release|Any CPU.Build.0 = Release|Any CPU
	EndGlobalSection
	GlobalSection(SolutionProperties) = preSolution
		HideSolutionNode = FALSE
	EndGlobalSection
	GlobalSection(NestedProjects) = preSolution
		{B62728C8-1267-4043-B46F-5537BBAEC692} = {19FAB78C-3351-4911-8F0C-8C6056401740}
		{C57F7656-6663-4A3C-BE38-B75C6C57E77D} = {B62728C8-1267-4043-B46F-5537BBAEC692}
		{B54DE8DD-6591-45C2-B9F7-22C4A23A384C} = {19FAB78C-3351-4911-8F0C-8C6056401740}
		{C7568468-1C79-4944-8136-18812A7F9EA7} = {19FAB78C-3351-4911-8F0C-8C6056401740}
		{863AA12D-0918-49CE-9E76-45A22680268B} = {C7568468-1C79-4944-8136-18812A7F9EA7}
		{5AB5A4B4-3A13-4D42-B42C-B9193E60F426} = {C7568468-1C79-4944-8136-18812A7F9EA7}
		{FCEC25E0-9EE1-416E-A7C4-2898E5640157} = {C7568468-1C79-4944-8136-18812A7F9EA7}
		{04427BC9-8F54-4633-9BBB-6661715BD271} = {C7568468-1C79-4944-8136-18812A7F9EA7}
		{DC672D2F-3A21-40BD-B495-660850EBC5F7} = {C7568468-1C79-4944-8136-18812A7F9EA7}
		{886D1FD5-125F-435B-934C-30DF2938E7F6} = {C7568468-1C79-4944-8136-18812A7F9EA7}
		{422ABBF6-6236-4042-AACA-09531DBDFBAA} = {C7568468-1C79-4944-8136-18812A7F9EA7}
		{3AD0A40B-C569-4712-9764-7A788B9CD811} = {C7568468-1C79-4944-8136-18812A7F9EA7}
		{173F959B-231B-45D1-8328-9460D4C5BC71} = {19FAB78C-3351-4911-8F0C-8C6056401740}
		{0DBE362D-82F1-4740-AE6A-40C1A82EDCDB} = {C7568468-1C79-4944-8136-18812A7F9EA7}
		{8F8A9A15-24D5-496C-B769-3CAED25D1BA8} = {C7568468-1C79-4944-8136-18812A7F9EA7}
		{5ED61A7B-F0AA-45F2-9E9A-8972FF7F7278} = {D3FEE1C0-E1E7-4796-A217-B46E3B6CCCCD}
		{55309C3E-1DD2-4B4A-9126-CFA28C97F1AD} = {D3FEE1C0-E1E7-4796-A217-B46E3B6CCCCD}
		{4276CFC4-B05F-4FCA-A4ED-0C82D541B23D} = {C7568468-1C79-4944-8136-18812A7F9EA7}
		{5761C008-71BC-4BAE-B6AB-570BB289359E} = {C7568468-1C79-4944-8136-18812A7F9EA7}
		{65C25244-F80E-4D59-98D6-CBB3D04E2B3C} = {19FAB78C-3351-4911-8F0C-8C6056401740}
		{A25AC517-F7C6-43C6-B892-4A447914C42C} = {C7568468-1C79-4944-8136-18812A7F9EA7}
		{1CA2284B-A3A0-476A-9A93-A95E665E78BE} = {C7568468-1C79-4944-8136-18812A7F9EA7}
		{F324BAD6-C9C0-42DE-9150-D8307D972E9A} = {C7568468-1C79-4944-8136-18812A7F9EA7}
		{9BEB8058-7EE4-4EE2-B83D-592E85236E78} = {C7568468-1C79-4944-8136-18812A7F9EA7}
		{D2D8F2EB-9FAD-4DB6-B4E4-8805118CB236} = {C7568468-1C79-4944-8136-18812A7F9EA7}
		{E438C0E0-0301-4A8F-9153-BFE4839F213E} = {C7568468-1C79-4944-8136-18812A7F9EA7}
		{2FD0A2A3-D7DA-4458-9084-E195102B9D5B} = {C7568468-1C79-4944-8136-18812A7F9EA7}
		{72EC615C-E1BE-4D27-A0FC-C0FEE483D3D2} = {19FAB78C-3351-4911-8F0C-8C6056401740}
		{E7EA323B-0CFE-4D42-9844-4C322A3BC54A} = {C7568468-1C79-4944-8136-18812A7F9EA7}
		{D3FEE1C0-E1E7-4796-A217-B46E3B6CCCCD} = {19FAB78C-3351-4911-8F0C-8C6056401740}
		{86BDA5CD-6A18-4EC2-9F13-F1A2723DD864} = {19FAB78C-3351-4911-8F0C-8C6056401740}
		{B9216DD7-F216-490A-A388-BBE0EC946EF2} = {C7568468-1C79-4944-8136-18812A7F9EA7}
		{82E68F14-F65C-49D4-BE86-00512347D8F4} = {D3FEE1C0-E1E7-4796-A217-B46E3B6CCCCD}
	EndGlobalSection
	GlobalSection(ExtensibilityGlobals) = postSolution
		SolutionGuid = {46465737-C938-44FC-BE1A-4CE139EBB5E0}
	EndGlobalSection
EndGlobal
